// !$*UTF8*$!
{
	archiveVersion = 1;
	classes = {
	};
	objectVersion = 46;
	objects = {

/* Begin PBXBuildFile section */
		AC3440DE1ADFC05600BE57F0 /* AppDelegate.swift in Sources */ = {isa = PBXBuildFile; fileRef = AC3440DD1ADFC05600BE57F0 /* AppDelegate.swift */; };
		AC3440E11ADFC05600BE57F0 /* MyLife.xcdatamodeld in Sources */ = {isa = PBXBuildFile; fileRef = AC3440DF1ADFC05600BE57F0 /* MyLife.xcdatamodeld */; };
		AC3440E31ADFC05600BE57F0 /* ViewController.swift in Sources */ = {isa = PBXBuildFile; fileRef = AC3440E21ADFC05600BE57F0 /* ViewController.swift */; };
		AC3440E61ADFC05600BE57F0 /* Main.storyboard in Resources */ = {isa = PBXBuildFile; fileRef = AC3440E41ADFC05600BE57F0 /* Main.storyboard */; };
		AC3440E81ADFC05600BE57F0 /* Images.xcassets in Resources */ = {isa = PBXBuildFile; fileRef = AC3440E71ADFC05600BE57F0 /* Images.xcassets */; };
		AC3440EB1ADFC05600BE57F0 /* LaunchScreen.xib in Resources */ = {isa = PBXBuildFile; fileRef = AC3440E91ADFC05600BE57F0 /* LaunchScreen.xib */; };
		AC3440F71ADFC05600BE57F0 /* MyLifeTests.swift in Sources */ = {isa = PBXBuildFile; fileRef = AC3440F61ADFC05600BE57F0 /* MyLifeTests.swift */; };
/* End PBXBuildFile section */

/* Begin PBXContainerItemProxy section */
		AC3440F11ADFC05600BE57F0 /* PBXContainerItemProxy */ = {
			isa = PBXContainerItemProxy;
			containerPortal = AC3440D01ADFC05600BE57F0 /* Project object */;
			proxyType = 1;
			remoteGlobalIDString = AC3440D71ADFC05600BE57F0;
			remoteInfo = MyLife;
		};
/* End PBXContainerItemProxy section */

/* Begin PBXFileReference section */
		AC3440D81ADFC05600BE57F0 /* MyLife.app */ = {isa = PBXFileReference; explicitFileType = wrapper.application; includeInIndex = 0; path = MyLife.app; sourceTree = BUILT_PRODUCTS_DIR; };
		AC3440DC1ADFC05600BE57F0 /* Info.plist */ = {isa = PBXFileReference; lastKnownFileType = text.plist.xml; path = Info.plist; sourceTree = "<group>"; };
		AC3440DD1ADFC05600BE57F0 /* AppDelegate.swift */ = {isa = PBXFileReference; lastKnownFileType = sourcecode.swift; path = AppDelegate.swift; sourceTree = "<group>"; };
		AC3440E01ADFC05600BE57F0 /* MyLife.xcdatamodel */ = {isa = PBXFileReference; lastKnownFileType = wrapper.xcdatamodel; path = MyLife.xcdatamodel; sourceTree = "<group>"; };
		AC3440E21ADFC05600BE57F0 /* ViewController.swift */ = {isa = PBXFileReference; lastKnownFileType = sourcecode.swift; path = ViewController.swift; sourceTree = "<group>"; };
		AC3440E51ADFC05600BE57F0 /* Base */ = {isa = PBXFileReference; lastKnownFileType = file.storyboard; name = Base; path = Base.lproj/Main.storyboard; sourceTree = "<group>"; };
		AC3440E71ADFC05600BE57F0 /* Images.xcassets */ = {isa = PBXFileReference; lastKnownFileType = folder.assetcatalog; path = Images.xcassets; sourceTree = "<group>"; };
		AC3440EA1ADFC05600BE57F0 /* Base */ = {isa = PBXFileReference; lastKnownFileType = file.xib; name = Base; path = Base.lproj/LaunchScreen.xib; sourceTree = "<group>"; };
		AC3440F01ADFC05600BE57F0 /* MyLifeTests.xctest */ = {isa = PBXFileReference; explicitFileType = wrapper.cfbundle; includeInIndex = 0; path = MyLifeTests.xctest; sourceTree = BUILT_PRODUCTS_DIR; };
		AC3440F51ADFC05600BE57F0 /* Info.plist */ = {isa = PBXFileReference; lastKnownFileType = text.plist.xml; path = Info.plist; sourceTree = "<group>"; };
		AC3440F61ADFC05600BE57F0 /* MyLifeTests.swift */ = {isa = PBXFileReference; lastKnownFileType = sourcecode.swift; path = MyLifeTests.swift; sourceTree = "<group>"; };
/* End PBXFileReference section */

/* Begin PBXFrameworksBuildPhase section */
		AC3440D51ADFC05600BE57F0 /* Frameworks */ = {
			isa = PBXFrameworksBuildPhase;
			buildActionMask = 2147483647;
			files = (
			);
			runOnlyForDeploymentPostprocessing = 0;
		};
		AC3440ED1ADFC05600BE57F0 /* Frameworks */ = {
			isa = PBXFrameworksBuildPhase;
			buildActionMask = 2147483647;
			files = (
			);
			runOnlyForDeploymentPostprocessing = 0;
		};
/* End PBXFrameworksBuildPhase section */

/* Begin PBXGroup section */
		AC3440CF1ADFC05600BE57F0 = {
			isa = PBXGroup;
			children = (
				AC3440DA1ADFC05600BE57F0 /* MyLife */,
				AC3440F31ADFC05600BE57F0 /* MyLifeTests */,
				AC3440D91ADFC05600BE57F0 /* Products */,
			);
			sourceTree = "<group>";
		};
		AC3440D91ADFC05600BE57F0 /* Products */ = {
			isa = PBXGroup;
			children = (
				AC3440D81ADFC05600BE57F0 /* MyLife.app */,
				AC3440F01ADFC05600BE57F0 /* MyLifeTests.xctest */,
			);
			name = Products;
			sourceTree = "<group>";
		};
		AC3440DA1ADFC05600BE57F0 /* MyLife */ = {
			isa = PBXGroup;
			children = (
				AC3440DD1ADFC05600BE57F0 /* AppDelegate.swift */,
				AC3440E21ADFC05600BE57F0 /* ViewController.swift */,
				AC3440E41ADFC05600BE57F0 /* Main.storyboard */,
				AC3440E71ADFC05600BE57F0 /* Images.xcassets */,
				AC3440E91ADFC05600BE57F0 /* LaunchScreen.xib */,
				AC3440DF1ADFC05600BE57F0 /* MyLife.xcdatamodeld */,
				AC3440DB1ADFC05600BE57F0 /* Supporting Files */,
			);
			path = MyLife;
			sourceTree = "<group>";
		};
		AC3440DB1ADFC05600BE57F0 /* Supporting Files */ = {
			isa = PBXGroup;
			children = (
				AC3440DC1ADFC05600BE57F0 /* Info.plist */,
			);
			name = "Supporting Files";
			sourceTree = "<group>";
		};
		AC3440F31ADFC05600BE57F0 /* MyLifeTests */ = {
			isa = PBXGroup;
			children = (
				AC3440F61ADFC05600BE57F0 /* MyLifeTests.swift */,
				AC3440F41ADFC05600BE57F0 /* Supporting Files */,
			);
			path = MyLifeTests;
			sourceTree = "<group>";
		};
		AC3440F41ADFC05600BE57F0 /* Supporting Files */ = {
			isa = PBXGroup;
			children = (
				AC3440F51ADFC05600BE57F0 /* Info.plist */,
			);
			name = "Supporting Files";
			sourceTree = "<group>";
		};
/* End PBXGroup section */

/* Begin PBXNativeTarget section */
		AC3440D71ADFC05600BE57F0 /* MyLife */ = {
			isa = PBXNativeTarget;
			buildConfigurationList = AC3440FA1ADFC05600BE57F0 /* Build configuration list for PBXNativeTarget "MyLife" */;
			buildPhases = (
				AC3440D41ADFC05600BE57F0 /* Sources */,
				AC3440D51ADFC05600BE57F0 /* Frameworks */,
				AC3440D61ADFC05600BE57F0 /* Resources */,
			);
			buildRules = (
			);
			dependencies = (
			);
			name = MyLife;
			productName = MyLife;
			productReference = AC3440D81ADFC05600BE57F0 /* MyLife.app */;
			productType = "com.apple.product-type.application";
		};
		AC3440EF1ADFC05600BE57F0 /* MyLifeTests */ = {
			isa = PBXNativeTarget;
			buildConfigurationList = AC3440FD1ADFC05600BE57F0 /* Build configuration list for PBXNativeTarget "MyLifeTests" */;
			buildPhases = (
				AC3440EC1ADFC05600BE57F0 /* Sources */,
				AC3440ED1ADFC05600BE57F0 /* Frameworks */,
				AC3440EE1ADFC05600BE57F0 /* Resources */,
			);
			buildRules = (
			);
			dependencies = (
				AC3440F21ADFC05600BE57F0 /* PBXTargetDependency */,
			);
			name = MyLifeTests;
			productName = MyLifeTests;
			productReference = AC3440F01ADFC05600BE57F0 /* MyLifeTests.xctest */;
			productType = "com.apple.product-type.bundle.unit-test";
		};
/* End PBXNativeTarget section */

/* Begin PBXProject section */
		AC3440D01ADFC05600BE57F0 /* Project object */ = {
			isa = PBXProject;
			attributes = {
				LastUpgradeCheck = 0620;
				ORGANIZATIONNAME = "Guest User";
				TargetAttributes = {
					AC3440D71ADFC05600BE57F0 = {
						CreatedOnToolsVersion = 6.2;
					};
					AC3440EF1ADFC05600BE57F0 = {
						CreatedOnToolsVersion = 6.2;
						TestTargetID = AC3440D71ADFC05600BE57F0;
					};
				};
			};
			buildConfigurationList = AC3440D31ADFC05600BE57F0 /* Build configuration list for PBXProject "MyLife" */;
			compatibilityVersion = "Xcode 3.2";
			developmentRegion = English;
			hasScannedForEncodings = 0;
			knownRegions = (
				en,
				Base,
			);
			mainGroup = AC3440CF1ADFC05600BE57F0;
			productRefGroup = AC3440D91ADFC05600BE57F0 /* Products */;
			projectDirPath = "";
			projectRoot = "";
			targets = (
				AC3440D71ADFC05600BE57F0 /* MyLife */,
				AC3440EF1ADFC05600BE57F0 /* MyLifeTests */,
			);
		};
/* End PBXProject section */

/* Begin PBXResourcesBuildPhase section */
		AC3440D61ADFC05600BE57F0 /* Resources */ = {
			isa = PBXResourcesBuildPhase;
			buildActionMask = 2147483647;
			files = (
				AC3440E61ADFC05600BE57F0 /* Main.storyboard in Resources */,
				AC3440EB1ADFC05600BE57F0 /* LaunchScreen.xib in Resources */,
				AC3440E81ADFC05600BE57F0 /* Images.xcassets in Resources */,
			);
			runOnlyForDeploymentPostprocessing = 0;
		};
		AC3440EE1ADFC05600BE57F0 /* Resources */ = {
			isa = PBXResourcesBuildPhase;
			buildActionMask = 2147483647;
			files = (
			);
			runOnlyForDeploymentPostprocessing = 0;
		};
/* End PBXResourcesBuildPhase section */

/* Begin PBXSourcesBuildPhase section */
		AC3440D41ADFC05600BE57F0 /* Sources */ = {
			isa = PBXSourcesBuildPhase;
			buildActionMask = 2147483647;
			files = (
				AC3440E31ADFC05600BE57F0 /* ViewController.swift in Sources */,
				AC3440DE1ADFC05600BE57F0 /* AppDelegate.swift in Sources */,
				AC3440E11ADFC05600BE57F0 /* MyLife.xcdatamodeld in Sources */,
			);
			runOnlyForDeploymentPostprocessing = 0;
		};
		AC3440EC1ADFC05600BE57F0 /* Sources */ = {
			isa = PBXSourcesBuildPhase;
			buildActionMask = 2147483647;
			files = (
				AC3440F71ADFC05600BE57F0 /* MyLifeTests.swift in Sources */,
			);
			runOnlyForDeploymentPostprocessing = 0;
		};
/* End PBXSourcesBuildPhase section */

/* Begin PBXTargetDependency section */
		AC3440F21ADFC05600BE57F0 /* PBXTargetDependency */ = {
			isa = PBXTargetDependency;
			target = AC3440D71ADFC05600BE57F0 /* MyLife */;
			targetProxy = AC3440F11ADFC05600BE57F0 /* PBXContainerItemProxy */;
		};
/* End PBXTargetDependency section */

/* Begin PBXVariantGroup section */
		AC3440E41ADFC05600BE57F0 /* Main.storyboard */ = {
			isa = PBXVariantGroup;
			children = (
				AC3440E51ADFC05600BE57F0 /* Base */,
			);
			name = Main.storyboard;
			sourceTree = "<group>";
		};
		AC3440E91ADFC05600BE57F0 /* LaunchScreen.xib */ = {
			isa = PBXVariantGroup;
			children = (
				AC3440EA1ADFC05600BE57F0 /* Base */,
			);
			name = LaunchScreen.xib;
			sourceTree = "<group>";
		};
/* End PBXVariantGroup section */

/* Begin XCBuildConfiguration section */
		AC3440F81ADFC05600BE57F0 /* Debug */ = {
			isa = XCBuildConfiguration;
			buildSettings = {
				ALWAYS_SEARCH_USER_PATHS = NO;
				CLANG_CXX_LANGUAGE_STANDARD = "gnu++0x";
				CLANG_CXX_LIBRARY = "libc++";
				CLANG_ENABLE_MODULES = YES;
				CLANG_ENABLE_OBJC_ARC = YES;
				CLANG_WARN_BOOL_CONVERSION = YES;
				CLANG_WARN_CONSTANT_CONVERSION = YES;
				CLANG_WARN_DIRECT_OBJC_ISA_USAGE = YES_ERROR;
				CLANG_WARN_EMPTY_BODY = YES;
				CLANG_WARN_ENUM_CONVERSION = YES;
				CLANG_WARN_INT_CONVERSION = YES;
				CLANG_WARN_OBJC_ROOT_CLASS = YES_ERROR;
				CLANG_WARN_UNREACHABLE_CODE = YES;
				CLANG_WARN__DUPLICATE_METHOD_MATCH = YES;
				"CODE_SIGN_IDENTITY[sdk=iphoneos*]" = "iPhone Developer";
				COPY_PHASE_STRIP = NO;
				ENABLE_STRICT_OBJC_MSGSEND = YES;
				GCC_C_LANGUAGE_STANDARD = gnu99;
				GCC_DYNAMIC_NO_PIC = NO;
				GCC_OPTIMIZATION_LEVEL = 0;
				GCC_PREPROCESSOR_DEFINITIONS = (
					"DEBUG=1",
					"$(inherited)",
				);
				GCC_SYMBOLS_PRIVATE_EXTERN = NO;
				GCC_WARN_64_TO_32_BIT_CONVERSION = YES;
				GCC_WARN_ABOUT_RETURN_TYPE = YES_ERROR;
				GCC_WARN_UNDECLARED_SELECTOR = YES;
				GCC_WARN_UNINITIALIZED_AUTOS = YES_AGGRESSIVE;
				GCC_WARN_UNUSED_FUNCTION = YES;
				GCC_WARN_UNUSED_VARIABLE = YES;
				IPHONEOS_DEPLOYMENT_TARGET = 8.2;
				MTL_ENABLE_DEBUG_INFO = YES;
				ONLY_ACTIVE_ARCH = YES;
				SDKROOT = iphoneos;
				SWIFT_OPTIMIZATION_LEVEL = "-Onone";
				TARGETED_DEVICE_FAMILY = 2;
			};
			name = Debug;
		};
		AC3440F91ADFC05600BE57F0 /* Release */ = {
			isa = XCBuildConfiguration;
			buildSettings = {
				ALWAYS_SEARCH_USER_PATHS = NO;
				CLANG_CXX_LANGUAGE_STANDARD = "gnu++0x";
				CLANG_CXX_LIBRARY = "libc++";
				CLANG_ENABLE_MODULES = YES;
				CLANG_ENABLE_OBJC_ARC = YES;
				CLANG_WARN_BOOL_CONVERSION = YES;
				CLANG_WARN_CONSTANT_CONVERSION = YES;
				CLANG_WARN_DIRECT_OBJC_ISA_USAGE = YES_ERROR;
				CLANG_WARN_EMPTY_BODY = YES;
				CLANG_WARN_ENUM_CONVERSION = YES;
				CLANG_WARN_INT_CONVERSION = YES;
				CLANG_WARN_OBJC_ROOT_CLASS = YES_ERROR;
				CLANG_WARN_UNREACHABLE_CODE = YES;
				CLANG_WARN__DUPLICATE_METHOD_MATCH = YES;
				"CODE_SIGN_IDENTITY[sdk=iphoneos*]" = "iPhone Developer";
				COPY_PHASE_STRIP = NO;
				ENABLE_NS_ASSERTIONS = NO;
				ENABLE_STRICT_OBJC_MSGSEND = YES;
				GCC_C_LANGUAGE_STANDARD = gnu99;
				GCC_WARN_64_TO_32_BIT_CONVERSION = YES;
				GCC_WARN_ABOUT_RETURN_TYPE = YES_ERROR;
				GCC_WARN_UNDECLARED_SELECTOR = YES;
				GCC_WARN_UNINITIALIZED_AUTOS = YES_AGGRESSIVE;
				GCC_WARN_UNUSED_FUNCTION = YES;
				GCC_WARN_UNUSED_VARIABLE = YES;
				IPHONEOS_DEPLOYMENT_TARGET = 8.2;
				MTL_ENABLE_DEBUG_INFO = NO;
				SDKROOT = iphoneos;
				TARGETED_DEVICE_FAMILY = 2;
				VALIDATE_PRODUCT = YES;
			};
			name = Release;
		};
		AC3440FB1ADFC05600BE57F0 /* Debug */ = {
			isa = XCBuildConfiguration;
			buildSettings = {
				ASSETCATALOG_COMPILER_APPICON_NAME = AppIcon;
				INFOPLIST_FILE = MyLife/Info.plist;
				LD_RUNPATH_SEARCH_PATHS = "$(inherited) @executable_path/Frameworks";
				PRODUCT_NAME = "$(TARGET_NAME)";
			};
			name = Debug;
		};
		AC3440FC1ADFC05600BE57F0 /* Release */ = {
			isa = XCBuildConfiguration;
			buildSettings = {
				ASSETCATALOG_COMPILER_APPICON_NAME = AppIcon;
				INFOPLIST_FILE = MyLife/Info.plist;
				LD_RUNPATH_SEARCH_PATHS = "$(inherited) @executable_path/Frameworks";
				PRODUCT_NAME = "$(TARGET_NAME)";
			};
			name = Release;
		};
		AC3440FE1ADFC05600BE57F0 /* Debug */ = {
			isa = XCBuildConfiguration;
			buildSettings = {
				BUNDLE_LOADER = "$(TEST_HOST)";
				FRAMEWORK_SEARCH_PATHS = (
					"$(SDKROOT)/Developer/Library/Frameworks",
					"$(inherited)",
				);
				GCC_PREPROCESSOR_DEFINITIONS = (
					"DEBUG=1",
					"$(inherited)",
				);
				INFOPLIST_FILE = MyLifeTests/Info.plist;
				LD_RUNPATH_SEARCH_PATHS = "$(inherited) @executable_path/Frameworks @loader_path/Frameworks";
				PRODUCT_NAME = "$(TARGET_NAME)";
				TEST_HOST = "$(BUILT_PRODUCTS_DIR)/MyLife.app/MyLife";
			};
			name = Debug;
		};
		AC3440FF1ADFC05600BE57F0 /* Release */ = {
			isa = XCBuildConfiguration;
			buildSettings = {
				BUNDLE_LOADER = "$(TEST_HOST)";
				FRAMEWORK_SEARCH_PATHS = (
					"$(SDKROOT)/Developer/Library/Frameworks",
					"$(inherited)",
				);
				INFOPLIST_FILE = MyLifeTests/Info.plist;
				LD_RUNPATH_SEARCH_PATHS = "$(inherited) @executable_path/Frameworks @loader_path/Frameworks";
				PRODUCT_NAME = "$(TARGET_NAME)";
				TEST_HOST = "$(BUILT_PRODUCTS_DIR)/MyLife.app/MyLife";
			};
			name = Release;
		};
/* End XCBuildConfiguration section */

/* Begin XCConfigurationList section */
		AC3440D31ADFC05600BE57F0 /* Build configuration list for PBXProject "MyLife" */ = {
			isa = XCConfigurationList;
			buildConfigurations = (
				AC3440F81ADFC05600BE57F0 /* Debug */,
				AC3440F91ADFC05600BE57F0 /* Release */,
			);
			defaultConfigurationIsVisible = 0;
			defaultConfigurationName = Release;
		};
		AC3440FA1ADFC05600BE57F0 /* Build configuration list for PBXNativeTarget "MyLife" */ = {
			isa = XCConfigurationList;
			buildConfigurations = (
				AC3440FB1ADFC05600BE57F0 /* Debug */,
				AC3440FC1ADFC05600BE57F0 /* Release */,
			);
			defaultConfigurationIsVisible = 0;
		};
		AC3440FD1ADFC05600BE57F0 /* Build configuration list for PBXNativeTarget "MyLifeTests" */ = {
			isa = XCConfigurationList;
			buildConfigurations = (
				AC3440FE1ADFC05600BE57F0 /* Debug */,
				AC3440FF1ADFC05600BE57F0 /* Release */,
			);
			defaultConfigurationIsVisible = 0;
		};
/* End XCConfigurationList section */

/* Begin XCVersionGroup section */
		AC3440DF1ADFC05600BE57F0 /* MyLife.xcdatamodeld */ = {
			isa = XCVersionGroup;
			children = (
				AC3440E01ADFC05600BE57F0 /* MyLife.xcdatamodel */,
			);
			currentVersion = AC3440E01ADFC05600BE57F0 /* MyLife.xcdatamodel */;
			path = MyLife.xcdatamodeld;
			sourceTree = "<group>";
			versionGroupType = wrapper.xcdatamodel;
		};
/* End XCVersionGroup section */
	};
	rootObject = AC3440D01ADFC05600BE57F0 /* Project object */;
}
